{
  "name": "pangram",
  "lockfileVersion": 2,
  "requires": true,
  "packages": {
    "": {
      "dependencies": {
        "true": "^0.0.4"
      }
    },
    "node_modules/true": {
      "version": "0.0.4",
      "resolved": "https://registry.npmjs.org/true/-/true-0.0.4.tgz",
      "integrity": "sha1-kh6/vVgSLTpmz/9twFTa8mnrnyE=",
      "bin": {
        "true": "bin/cli.js"
      }
    }
  },
  "dependencies": {
    "true": {
      "version": "0.0.4",
      "resolved": "https://registry.npmjs.org/true/-/true-0.0.4.tgz",
      "integrity": "sha1-kh6/vVgSLTpmz/9twFTa8mnrnyE="
    }
  }
}
